// !$*UTF8*$!
{
	archiveVersion = 1;
	classes = {
	};
	objectVersion = 56;
	objects = {

/* Begin PBXBuildFile section */
		80795DCD2ABD1F0A00B156CD /* RealityKitContent in Frameworks */ = {isa = PBXBuildFile; productRef = 80795DCC2ABD1F0A00B156CD /* RealityKitContent */; };
		80795DCF2ABD1F0A00B156CD /* shopping_vision_pro_appApp.swift in Sources */ = {isa = PBXBuildFile; fileRef = 80795DCE2ABD1F0A00B156CD /* shopping_vision_pro_appApp.swift */; };
		80795DD12ABD1F0A00B156CD /* ContentView.swift in Sources */ = {isa = PBXBuildFile; fileRef = 80795DD02ABD1F0A00B156CD /* ContentView.swift */; };
		80795DD32ABD1F0A00B156CD /* ImmersiveView.swift in Sources */ = {isa = PBXBuildFile; fileRef = 80795DD22ABD1F0A00B156CD /* ImmersiveView.swift */; };
		80795DD52ABD1F0C00B156CD /* Assets.xcassets in Resources */ = {isa = PBXBuildFile; fileRef = 80795DD42ABD1F0C00B156CD /* Assets.xcassets */; };
		80795DD82ABD1F0C00B156CD /* Preview Assets.xcassets in Resources */ = {isa = PBXBuildFile; fileRef = 80795DD72ABD1F0C00B156CD /* Preview Assets.xcassets */; };
/* End PBXBuildFile section */

/* Begin PBXFileReference section */
		80795DC72ABD1F0A00B156CD /* shopping-vision-pro-app.app */ = {isa = PBXFileReference; explicitFileType = wrapper.application; includeInIndex = 0; path = "shopping-vision-pro-app.app"; sourceTree = BUILT_PRODUCTS_DIR; };
		80795DCB2ABD1F0A00B156CD /* RealityKitContent */ = {isa = PBXFileReference; lastKnownFileType = wrapper; path = RealityKitContent; sourceTree = "<group>"; };
		80795DCE2ABD1F0A00B156CD /* shopping_vision_pro_appApp.swift */ = {isa = PBXFileReference; lastKnownFileType = sourcecode.swift; path = shopping_vision_pro_appApp.swift; sourceTree = "<group>"; };
		80795DD02ABD1F0A00B156CD /* ContentView.swift */ = {isa = PBXFileReference; lastKnownFileType = sourcecode.swift; path = ContentView.swift; sourceTree = "<group>"; };
		80795DD22ABD1F0A00B156CD /* ImmersiveView.swift */ = {isa = PBXFileReference; lastKnownFileType = sourcecode.swift; path = ImmersiveView.swift; sourceTree = "<group>"; };
		80795DD42ABD1F0C00B156CD /* Assets.xcassets */ = {isa = PBXFileReference; lastKnownFileType = folder.assetcatalog; path = Assets.xcassets; sourceTree = "<group>"; };
		80795DD72ABD1F0C00B156CD /* Preview Assets.xcassets */ = {isa = PBXFileReference; lastKnownFileType = folder.assetcatalog; path = "Preview Assets.xcassets"; sourceTree = "<group>"; };
		80795DD92ABD1F0C00B156CD /* Info.plist */ = {isa = PBXFileReference; lastKnownFileType = text.plist.xml; path = Info.plist; sourceTree = "<group>"; };
/* End PBXFileReference section */

/* Begin PBXFrameworksBuildPhase section */
		80795DC42ABD1F0A00B156CD /* Frameworks */ = {
			isa = PBXFrameworksBuildPhase;
			buildActionMask = 2147483647;
			files = (
				80795DCD2ABD1F0A00B156CD /* RealityKitContent in Frameworks */,
			);
			runOnlyForDeploymentPostprocessing = 0;
		};
/* End PBXFrameworksBuildPhase section */

/* Begin PBXGroup section */
		80795DBE2ABD1F0A00B156CD = {
			isa = PBXGroup;
			children = (
				80795DC92ABD1F0A00B156CD /* shopping-vision-pro-app */,
				80795DCA2ABD1F0A00B156CD /* Packages */,
				80795DC82ABD1F0A00B156CD /* Products */,
			);
			sourceTree = "<group>";
		};
		80795DC82ABD1F0A00B156CD /* Products */ = {
			isa = PBXGroup;
			children = (
				80795DC72ABD1F0A00B156CD /* shopping-vision-pro-app.app */,
			);
			name = Products;
			sourceTree = "<group>";
		};
		80795DC92ABD1F0A00B156CD /* shopping-vision-pro-app */ = {
			isa = PBXGroup;
			children = (
				80795DCE2ABD1F0A00B156CD /* shopping_vision_pro_appApp.swift */,
				80795DD02ABD1F0A00B156CD /* ContentView.swift */,
				80795DD22ABD1F0A00B156CD /* ImmersiveView.swift */,
				80795DD42ABD1F0C00B156CD /* Assets.xcassets */,
				80795DD92ABD1F0C00B156CD /* Info.plist */,
				80795DD62ABD1F0C00B156CD /* Preview Content */,
			);
			path = "shopping-vision-pro-app";
			sourceTree = "<group>";
		};
		80795DCA2ABD1F0A00B156CD /* Packages */ = {
			isa = PBXGroup;
			children = (
				80795DCB2ABD1F0A00B156CD /* RealityKitContent */,
			);
			path = Packages;
			sourceTree = "<group>";
		};
		80795DD62ABD1F0C00B156CD /* Preview Content */ = {
			isa = PBXGroup;
			children = (
				80795DD72ABD1F0C00B156CD /* Preview Assets.xcassets */,
			);
			path = "Preview Content";
			sourceTree = "<group>";
		};
/* End PBXGroup section */

/* Begin PBXNativeTarget section */
		80795DC62ABD1F0A00B156CD /* shopping-vision-pro-app */ = {
			isa = PBXNativeTarget;
			buildConfigurationList = 80795DDC2ABD1F0C00B156CD /* Build configuration list for PBXNativeTarget "shopping-vision-pro-app" */;
			buildPhases = (
				80795DC32ABD1F0A00B156CD /* Sources */,
				80795DC42ABD1F0A00B156CD /* Frameworks */,
				80795DC52ABD1F0A00B156CD /* Resources */,
			);
			buildRules = (
			);
			dependencies = (
			);
			name = "shopping-vision-pro-app";
			packageProductDependencies = (
				80795DCC2ABD1F0A00B156CD /* RealityKitContent */,
			);
			productName = "shopping-vision-pro-app";
			productReference = 80795DC72ABD1F0A00B156CD /* shopping-vision-pro-app.app */;
			productType = "com.apple.product-type.application";
		};
/* End PBXNativeTarget section */

/* Begin PBXProject section */
		80795DBF2ABD1F0A00B156CD /* Project object */ = {
			isa = PBXProject;
			attributes = {
				BuildIndependentTargetsInParallel = 1;
				LastSwiftUpdateCheck = 1500;
				LastUpgradeCheck = 1500;
				TargetAttributes = {
					80795DC62ABD1F0A00B156CD = {
						CreatedOnToolsVersion = 15.0;
					};
				};
			};
			buildConfigurationList = 80795DC22ABD1F0A00B156CD /* Build configuration list for PBXProject "shopping-vision-pro-app" */;
			compatibilityVersion = "Xcode 14.0";
			developmentRegion = en;
			hasScannedForEncodings = 0;
			knownRegions = (
				en,
				Base,
			);
			mainGroup = 80795DBE2ABD1F0A00B156CD;
			productRefGroup = 80795DC82ABD1F0A00B156CD /* Products */;
			projectDirPath = "";
			projectRoot = "";
			targets = (
				80795DC62ABD1F0A00B156CD /* shopping-vision-pro-app */,
			);
		};
/* End PBXProject section */

/* Begin PBXResourcesBuildPhase section */
		80795DC52ABD1F0A00B156CD /* Resources */ = {
			isa = PBXResourcesBuildPhase;
			buildActionMask = 2147483647;
			files = (
				80795DD82ABD1F0C00B156CD /* Preview Assets.xcassets in Resources */,
				80795DD52ABD1F0C00B156CD /* Assets.xcassets in Resources */,
			);
			runOnlyForDeploymentPostprocessing = 0;
		};
/* End PBXResourcesBuildPhase section */

/* Begin PBXSourcesBuildPhase section */
		80795DC32ABD1F0A00B156CD /* Sources */ = {
			isa = PBXSourcesBuildPhase;
			buildActionMask = 2147483647;
			files = (
				80795DD12ABD1F0A00B156CD /* ContentView.swift in Sources */,
				80795DCF2ABD1F0A00B156CD /* shopping_vision_pro_appApp.swift in Sources */,
				80795DD32ABD1F0A00B156CD /* ImmersiveView.swift in Sources */,
			);
			runOnlyForDeploymentPostprocessing = 0;
		};
/* End PBXSourcesBuildPhase section */

/* Begin XCBuildConfiguration section */
		80795DDA2ABD1F0C00B156CD /* Debug */ = {
			isa = XCBuildConfiguration;
			buildSettings = {
				ALWAYS_SEARCH_USER_PATHS = NO;
				ASSETCATALOG_COMPILER_GENERATE_SWIFT_ASSET_SYMBOL_EXTENSIONS = YES;
				CLANG_ANALYZER_NONNULL = YES;
				CLANG_ANALYZER_NUMBER_OBJECT_CONVERSION = YES_AGGRESSIVE;
				CLANG_CXX_LANGUAGE_STANDARD = "gnu++20";
				CLANG_ENABLE_MODULES = YES;
				CLANG_ENABLE_OBJC_ARC = YES;
				CLANG_ENABLE_OBJC_WEAK = YES;
				CLANG_WARN_BLOCK_CAPTURE_AUTORELEASING = YES;
				CLANG_WARN_BOOL_CONVERSION = YES;
				CLANG_WARN_COMMA = YES;
				CLANG_WARN_CONSTANT_CONVERSION = YES;
				CLANG_WARN_DEPRECATED_OBJC_IMPLEMENTATIONS = YES;
				CLANG_WARN_DIRECT_OBJC_ISA_USAGE = YES_ERROR;
				CLANG_WARN_DOCUMENTATION_COMMENTS = YES;
				CLANG_WARN_EMPTY_BODY = YES;
				CLANG_WARN_ENUM_CONVERSION = YES;
				CLANG_WARN_INFINITE_RECURSION = YES;
				CLANG_WARN_INT_CONVERSION = YES;
				CLANG_WARN_NON_LITERAL_NULL_CONVERSION = YES;
				CLANG_WARN_OBJC_IMPLICIT_RETAIN_SELF = YES;
				CLANG_WARN_OBJC_LITERAL_CONVERSION = YES;
				CLANG_WARN_OBJC_ROOT_CLASS = YES_ERROR;
				CLANG_WARN_QUOTED_INCLUDE_IN_FRAMEWORK_HEADER = YES;
				CLANG_WARN_RANGE_LOOP_ANALYSIS = YES;
				CLANG_WARN_STRICT_PROTOTYPES = YES;
				CLANG_WARN_SUSPICIOUS_MOVE = YES;
				CLANG_WARN_UNGUARDED_AVAILABILITY = YES_AGGRESSIVE;
				CLANG_WARN_UNREACHABLE_CODE = YES;
				CLANG_WARN__DUPLICATE_METHOD_MATCH = YES;
				COPY_PHASE_STRIP = NO;
				DEBUG_INFORMATION_FORMAT = dwarf;
				ENABLE_STRICT_OBJC_MSGSEND = YES;
				ENABLE_TESTABILITY = YES;
				ENABLE_USER_SCRIPT_SANDBOXING = YES;
				GCC_C_LANGUAGE_STANDARD = gnu17;
				GCC_DYNAMIC_NO_PIC = NO;
				GCC_NO_COMMON_BLOCKS = YES;
				GCC_OPTIMIZATION_LEVEL = 0;
				GCC_PREPROCESSOR_DEFINITIONS = (
					"DEBUG=1",
					"$(inherited)",
				);
				GCC_WARN_64_TO_32_BIT_CONVERSION = YES;
				GCC_WARN_ABOUT_RETURN_TYPE = YES_ERROR;
				GCC_WARN_UNDECLARED_SELECTOR = YES;
				GCC_WARN_UNINITIALIZED_AUTOS = YES_AGGRESSIVE;
				GCC_WARN_UNUSED_FUNCTION = YES;
				GCC_WARN_UNUSED_VARIABLE = YES;
				LOCALIZATION_PREFERS_STRING_CATALOGS = YES;
				MTL_ENABLE_DEBUG_INFO = INCLUDE_SOURCE;
				MTL_FAST_MATH = YES;
				ONLY_ACTIVE_ARCH = YES;
				SDKROOT = xros;
				SWIFT_ACTIVE_COMPILATION_CONDITIONS = "DEBUG $(inherited)";
				SWIFT_OPTIMIZATION_LEVEL = "-Onone";
				XROS_DEPLOYMENT_TARGET = 1.0;
			};
			name = Debug;
		};
		80795DDB2ABD1F0C00B156CD /* Release */ = {
			isa = XCBuildConfiguration;
			buildSettings = {
				ALWAYS_SEARCH_USER_PATHS = NO;
				ASSETCATALOG_COMPILER_GENERATE_SWIFT_ASSET_SYMBOL_EXTENSIONS = YES;
				CLANG_ANALYZER_NONNULL = YES;
				CLANG_ANALYZER_NUMBER_OBJECT_CONVERSION = YES_AGGRESSIVE;
				CLANG_CXX_LANGUAGE_STANDARD = "gnu++20";
				CLANG_ENABLE_MODULES = YES;
				CLANG_ENABLE_OBJC_ARC = YES;
				CLANG_ENABLE_OBJC_WEAK = YES;
				CLANG_WARN_BLOCK_CAPTURE_AUTORELEASING = YES;
				CLANG_WARN_BOOL_CONVERSION = YES;
				CLANG_WARN_COMMA = YES;
				CLANG_WARN_CONSTANT_CONVERSION = YES;
				CLANG_WARN_DEPRECATED_OBJC_IMPLEMENTATIONS = YES;
				CLANG_WARN_DIRECT_OBJC_ISA_USAGE = YES_ERROR;
				CLANG_WARN_DOCUMENTATION_COMMENTS = YES;
				CLANG_WARN_EMPTY_BODY = YES;
				CLANG_WARN_ENUM_CONVERSION = YES;
				CLANG_WARN_INFINITE_RECURSION = YES;
				CLANG_WARN_INT_CONVERSION = YES;
				CLANG_WARN_NON_LITERAL_NULL_CONVERSION = YES;
				CLANG_WARN_OBJC_IMPLICIT_RETAIN_SELF = YES;
				CLANG_WARN_OBJC_LITERAL_CONVERSION = YES;
				CLANG_WARN_OBJC_ROOT_CLASS = YES_ERROR;
				CLANG_WARN_QUOTED_INCLUDE_IN_FRAMEWORK_HEADER = YES;
				CLANG_WARN_RANGE_LOOP_ANALYSIS = YES;
				CLANG_WARN_STRICT_PROTOTYPES = YES;
				CLANG_WARN_SUSPICIOUS_MOVE = YES;
				CLANG_WARN_UNGUARDED_AVAILABILITY = YES_AGGRESSIVE;
				CLANG_WARN_UNREACHABLE_CODE = YES;
				CLANG_WARN__DUPLICATE_METHOD_MATCH = YES;
				COPY_PHASE_STRIP = NO;
				DEBUG_INFORMATION_FORMAT = "dwarf-with-dsym";
				ENABLE_NS_ASSERTIONS = NO;
				ENABLE_STRICT_OBJC_MSGSEND = YES;
				ENABLE_USER_SCRIPT_SANDBOXING = YES;
				GCC_C_LANGUAGE_STANDARD = gnu17;
				GCC_NO_COMMON_BLOCKS = YES;
				GCC_WARN_64_TO_32_BIT_CONVERSION = YES;
				GCC_WARN_ABOUT_RETURN_TYPE = YES_ERROR;
				GCC_WARN_UNDECLARED_SELECTOR = YES;
				GCC_WARN_UNINITIALIZED_AUTOS = YES_AGGRESSIVE;
				GCC_WARN_UNUSED_FUNCTION = YES;
				GCC_WARN_UNUSED_VARIABLE = YES;
				LOCALIZATION_PREFERS_STRING_CATALOGS = YES;
				MTL_ENABLE_DEBUG_INFO = NO;
				MTL_FAST_MATH = YES;
				SDKROOT = xros;
				SWIFT_COMPILATION_MODE = wholemodule;
				VALIDATE_PRODUCT = YES;
				XROS_DEPLOYMENT_TARGET = 1.0;
			};
			name = Release;
		};
		80795DDD2ABD1F0C00B156CD /* Debug */ = {
			isa = XCBuildConfiguration;
			buildSettings = {
				ASSETCATALOG_COMPILER_APPICON_NAME = AppIcon;
				ASSETCATALOG_COMPILER_GLOBAL_ACCENT_COLOR_NAME = AccentColor;
				CODE_SIGN_STYLE = Automatic;
				CURRENT_PROJECT_VERSION = 1;
				DEVELOPMENT_ASSET_PATHS = "\"shopping-vision-pro-app/Preview Content\"";
				DEVELOPMENT_TEAM = QFTSUT2C4R;
				ENABLE_PREVIEWS = YES;
				GENERATE_INFOPLIST_FILE = YES;
				INFOPLIST_FILE = "$(TARGET_NAME)/Info.plist";
				LD_RUNPATH_SEARCH_PATHS = (
					"$(inherited)",
					"@executable_path/Frameworks",
				);
				MARKETING_VERSION = 1.0;
				PRODUCT_BUNDLE_IDENTIFIER = "kakkki.shopping-vision-pro-app";
				PRODUCT_NAME = "$(TARGET_NAME)";
				SUPPORTED_PLATFORMS = "xros xrsimulator";
				SWIFT_EMIT_LOC_STRINGS = YES;
				SWIFT_VERSION = 5.0;
				TARGETED_DEVICE_FAMILY = "1,2,7";
			};
			name = Debug;
		};
		80795DDE2ABD1F0C00B156CD /* Release */ = {
			isa = XCBuildConfiguration;
			buildSettings = {
				ASSETCATALOG_COMPILER_APPICON_NAME = AppIcon;
				ASSETCATALOG_COMPILER_GLOBAL_ACCENT_COLOR_NAME = AccentColor;
				CODE_SIGN_STYLE = Automatic;
				CURRENT_PROJECT_VERSION = 1;
				DEVELOPMENT_ASSET_PATHS = "\"shopping-vision-pro-app/Preview Content\"";
				DEVELOPMENT_TEAM = QFTSUT2C4R;
				ENABLE_PREVIEWS = YES;
				GENERATE_INFOPLIST_FILE = YES;
				INFOPLIST_FILE = "$(TARGET_NAME)/Info.plist";
				LD_RUNPATH_SEARCH_PATHS = (
					"$(inherited)",
					"@executable_path/Frameworks",
				);
				MARKETING_VERSION = 1.0;
				PRODUCT_BUNDLE_IDENTIFIER = "kakkki.shopping-vision-pro-app";
				PRODUCT_NAME = "$(TARGET_NAME)";
				SUPPORTED_PLATFORMS = "xros xrsimulator";
				SWIFT_EMIT_LOC_STRINGS = YES;
				SWIFT_VERSION = 5.0;
				TARGETED_DEVICE_FAMILY = "1,2,7";
			};
			name = Release;
		};
/* End XCBuildConfiguration section */

/* Begin XCConfigurationList section */
		80795DC22ABD1F0A00B156CD /* Build configuration list for PBXProject "shopping-vision-pro-app" */ = {
			isa = XCConfigurationList;
			buildConfigurations = (
				80795DDA2ABD1F0C00B156CD /* Debug */,
				80795DDB2ABD1F0C00B156CD /* Release */,
			);
			defaultConfigurationIsVisible = 0;
			defaultConfigurationName = Release;
		};
		80795DDC2ABD1F0C00B156CD /* Build configuration list for PBXNativeTarget "shopping-vision-pro-app" */ = {
			isa = XCConfigurationList;
			buildConfigurations = (
				80795DDD2ABD1F0C00B156CD /* Debug */,
				80795DDE2ABD1F0C00B156CD /* Release */,
			);
			defaultConfigurationIsVisible = 0;
			defaultConfigurationName = Release;
		};
/* End XCConfigurationList section */

/* Begin XCSwiftPackageProductDependency section */
		80795DCC2ABD1F0A00B156CD /* RealityKitContent */ = {
			isa = XCSwiftPackageProductDependency;
			productName = RealityKitContent;
		};
/* End XCSwiftPackageProductDependency section */
	};
	rootObject = 80795DBF2ABD1F0A00B156CD /* Project object */;
}
