// !$*UTF8*$!
{
	archiveVersion = 1;
	classes = {
	};
	objectVersion = 56;
	objects = {

/* Begin PBXBuildFile section */
		800BA2AE2ABD8E8F00714332 /* SampleCardListScreen.swift in Sources */ = {isa = PBXBuildFile; fileRef = 800BA2AD2ABD8E8F00714332 /* SampleCardListScreen.swift */; };
		800BA2B12ABE7B3900714332 /* shops_data.json in Resources */ = {isa = PBXBuildFile; fileRef = 800BA2B02ABE7B3900714332 /* shops_data.json */; };
		800BA2B32ABE7B6F00714332 /* Shop.swift in Sources */ = {isa = PBXBuildFile; fileRef = 800BA2B22ABE7B6F00714332 /* Shop.swift */; };
		800BA2B52ABE7B7F00714332 /* Product.swift in Sources */ = {isa = PBXBuildFile; fileRef = 800BA2B42ABE7B7F00714332 /* Product.swift */; };
		800BA2B72ABE7BAA00714332 /* DataRepository.swift in Sources */ = {isa = PBXBuildFile; fileRef = 800BA2B62ABE7BAA00714332 /* DataRepository.swift */; };
		800BA2BA2ABE7F2E00714332 /* LogUtils.swift in Sources */ = {isa = PBXBuildFile; fileRef = 800BA2B92ABE7F2E00714332 /* LogUtils.swift */; };
		800BA2BD2AC0175000714332 /* StatsGrid.swift in Sources */ = {isa = PBXBuildFile; fileRef = 800BA2BC2AC0175000714332 /* StatsGrid.swift */; };
		800BA2BF2AC0178400714332 /* FruitCakeCardView.swift in Sources */ = {isa = PBXBuildFile; fileRef = 800BA2BE2AC0178400714332 /* FruitCakeCardView.swift */; };
		800BA2C12AC0184E00714332 /* SampleCardListScreenContents.swift in Sources */ = {isa = PBXBuildFile; fileRef = 800BA2C02AC0184E00714332 /* SampleCardListScreenContents.swift */; };
		800BA2C62AC0216100714332 /* ProductDetailScreen.swift in Sources */ = {isa = PBXBuildFile; fileRef = 800BA2C52AC0216100714332 /* ProductDetailScreen.swift */; };
		8034B96D2AC13FC400D391E9 /* PlacementGestureModifier.swift in Sources */ = {isa = PBXBuildFile; fileRef = 8034B96C2AC13FC400D391E9 /* PlacementGestureModifier.swift */; };
		8034B9702AC1406A00D391E9 /* ProductSpace.swift in Sources */ = {isa = PBXBuildFile; fileRef = 8034B96F2AC1406A00D391E9 /* ProductSpace.swift */; };
		8034B9722AC1701900D391E9 /* SpaceViewModel.swift in Sources */ = {isa = PBXBuildFile; fileRef = 8034B9712AC1701900D391E9 /* SpaceViewModel.swift */; };
		8034B9762AC27C5600D391E9 /* SampleProductSpaceView.swift in Sources */ = {isa = PBXBuildFile; fileRef = 8034B9752AC27C5600D391E9 /* SampleProductSpaceView.swift */; };
		8034B9782AC5622500D391E9 /* CubeSpaceView.swift in Sources */ = {isa = PBXBuildFile; fileRef = 8034B9772AC5622400D391E9 /* CubeSpaceView.swift */; };
		8034B97A2AC5632D00D391E9 /* CubeContainerViewModel.swift in Sources */ = {isa = PBXBuildFile; fileRef = 8034B9792AC5632D00D391E9 /* CubeContainerViewModel.swift */; };
		8034B97C2AC5688600D391E9 /* Model3DSpaceView.swift in Sources */ = {isa = PBXBuildFile; fileRef = 8034B97B2AC5688600D391E9 /* Model3DSpaceView.swift */; };
		80795DCD2ABD1F0A00B156CD /* RealityKitContent in Frameworks */ = {isa = PBXBuildFile; productRef = 80795DCC2ABD1F0A00B156CD /* RealityKitContent */; };
		80795DCF2ABD1F0A00B156CD /* shopping_vision_pro_appApp.swift in Sources */ = {isa = PBXBuildFile; fileRef = 80795DCE2ABD1F0A00B156CD /* shopping_vision_pro_appApp.swift */; };
		80795DD12ABD1F0A00B156CD /* ContentView.swift in Sources */ = {isa = PBXBuildFile; fileRef = 80795DD02ABD1F0A00B156CD /* ContentView.swift */; };
		80795DD32ABD1F0A00B156CD /* ImmersiveView.swift in Sources */ = {isa = PBXBuildFile; fileRef = 80795DD22ABD1F0A00B156CD /* ImmersiveView.swift */; };
		80795DD52ABD1F0C00B156CD /* Assets.xcassets in Resources */ = {isa = PBXBuildFile; fileRef = 80795DD42ABD1F0C00B156CD /* Assets.xcassets */; };
		80795DD82ABD1F0C00B156CD /* Preview Assets.xcassets in Resources */ = {isa = PBXBuildFile; fileRef = 80795DD72ABD1F0C00B156CD /* Preview Assets.xcassets */; };
		80B908BB2AC6C1B500311E8B /* FruitCakeSlice.usdz in Resources */ = {isa = PBXBuildFile; fileRef = 80B908B92AC6C1B500311E8B /* FruitCakeSlice.usdz */; };
		80B908BC2AC6C1B500311E8B /* AirForce.usdz in Resources */ = {isa = PBXBuildFile; fileRef = 80B908BA2AC6C1B500311E8B /* AirForce.usdz */; };
		80B908BE2AC72ACE00311E8B /* AirForce1XCA.usdz in Resources */ = {isa = PBXBuildFile; fileRef = 80B908BD2AC72ACE00311E8B /* AirForce1XCA.usdz */; };
/* End PBXBuildFile section */

/* Begin PBXFileReference section */
		800BA2AD2ABD8E8F00714332 /* SampleCardListScreen.swift */ = {isa = PBXFileReference; lastKnownFileType = sourcecode.swift; path = SampleCardListScreen.swift; sourceTree = "<group>"; };
		800BA2B02ABE7B3900714332 /* shops_data.json */ = {isa = PBXFileReference; lastKnownFileType = text.json; path = shops_data.json; sourceTree = "<group>"; };
		800BA2B22ABE7B6F00714332 /* Shop.swift */ = {isa = PBXFileReference; lastKnownFileType = sourcecode.swift; path = Shop.swift; sourceTree = "<group>"; };
		800BA2B42ABE7B7F00714332 /* Product.swift */ = {isa = PBXFileReference; lastKnownFileType = sourcecode.swift; path = Product.swift; sourceTree = "<group>"; };
		800BA2B62ABE7BAA00714332 /* DataRepository.swift */ = {isa = PBXFileReference; lastKnownFileType = sourcecode.swift; path = DataRepository.swift; sourceTree = "<group>"; };
		800BA2B92ABE7F2E00714332 /* LogUtils.swift */ = {isa = PBXFileReference; lastKnownFileType = sourcecode.swift; path = LogUtils.swift; sourceTree = "<group>"; };
		800BA2BC2AC0175000714332 /* StatsGrid.swift */ = {isa = PBXFileReference; lastKnownFileType = sourcecode.swift; path = StatsGrid.swift; sourceTree = "<group>"; };
		800BA2BE2AC0178400714332 /* FruitCakeCardView.swift */ = {isa = PBXFileReference; lastKnownFileType = sourcecode.swift; path = FruitCakeCardView.swift; sourceTree = "<group>"; };
		800BA2C02AC0184E00714332 /* SampleCardListScreenContents.swift */ = {isa = PBXFileReference; lastKnownFileType = sourcecode.swift; path = SampleCardListScreenContents.swift; sourceTree = "<group>"; };
		800BA2C52AC0216100714332 /* ProductDetailScreen.swift */ = {isa = PBXFileReference; lastKnownFileType = sourcecode.swift; path = ProductDetailScreen.swift; sourceTree = "<group>"; };
		8034B96C2AC13FC400D391E9 /* PlacementGestureModifier.swift */ = {isa = PBXFileReference; lastKnownFileType = sourcecode.swift; path = PlacementGestureModifier.swift; sourceTree = "<group>"; };
		8034B96F2AC1406A00D391E9 /* ProductSpace.swift */ = {isa = PBXFileReference; lastKnownFileType = sourcecode.swift; path = ProductSpace.swift; sourceTree = "<group>"; };
		8034B9712AC1701900D391E9 /* SpaceViewModel.swift */ = {isa = PBXFileReference; lastKnownFileType = sourcecode.swift; path = SpaceViewModel.swift; sourceTree = "<group>"; };
		8034B9752AC27C5600D391E9 /* SampleProductSpaceView.swift */ = {isa = PBXFileReference; lastKnownFileType = sourcecode.swift; path = SampleProductSpaceView.swift; sourceTree = "<group>"; };
		8034B9772AC5622400D391E9 /* CubeSpaceView.swift */ = {isa = PBXFileReference; lastKnownFileType = sourcecode.swift; path = CubeSpaceView.swift; sourceTree = "<group>"; };
		8034B9792AC5632D00D391E9 /* CubeContainerViewModel.swift */ = {isa = PBXFileReference; lastKnownFileType = sourcecode.swift; path = CubeContainerViewModel.swift; sourceTree = "<group>"; };
		8034B97B2AC5688600D391E9 /* Model3DSpaceView.swift */ = {isa = PBXFileReference; lastKnownFileType = sourcecode.swift; path = Model3DSpaceView.swift; sourceTree = "<group>"; };
		80795DC72ABD1F0A00B156CD /* shopping-vision-pro-app.app */ = {isa = PBXFileReference; explicitFileType = wrapper.application; includeInIndex = 0; path = "shopping-vision-pro-app.app"; sourceTree = BUILT_PRODUCTS_DIR; };
		80795DCB2ABD1F0A00B156CD /* RealityKitContent */ = {isa = PBXFileReference; lastKnownFileType = wrapper; path = RealityKitContent; sourceTree = "<group>"; };
		80795DCE2ABD1F0A00B156CD /* shopping_vision_pro_appApp.swift */ = {isa = PBXFileReference; lastKnownFileType = sourcecode.swift; path = shopping_vision_pro_appApp.swift; sourceTree = "<group>"; };
		80795DD02ABD1F0A00B156CD /* ContentView.swift */ = {isa = PBXFileReference; lastKnownFileType = sourcecode.swift; path = ContentView.swift; sourceTree = "<group>"; };
		80795DD22ABD1F0A00B156CD /* ImmersiveView.swift */ = {isa = PBXFileReference; lastKnownFileType = sourcecode.swift; path = ImmersiveView.swift; sourceTree = "<group>"; };
		80795DD42ABD1F0C00B156CD /* Assets.xcassets */ = {isa = PBXFileReference; lastKnownFileType = folder.assetcatalog; path = Assets.xcassets; sourceTree = "<group>"; };
		80795DD72ABD1F0C00B156CD /* Preview Assets.xcassets */ = {isa = PBXFileReference; lastKnownFileType = folder.assetcatalog; path = "Preview Assets.xcassets"; sourceTree = "<group>"; };
		80795DD92ABD1F0C00B156CD /* Info.plist */ = {isa = PBXFileReference; lastKnownFileType = text.plist.xml; path = Info.plist; sourceTree = "<group>"; };
		80B908B92AC6C1B500311E8B /* FruitCakeSlice.usdz */ = {isa = PBXFileReference; lastKnownFileType = file.usdz; path = FruitCakeSlice.usdz; sourceTree = "<group>"; };
		80B908BA2AC6C1B500311E8B /* AirForce.usdz */ = {isa = PBXFileReference; lastKnownFileType = file.usdz; path = AirForce.usdz; sourceTree = "<group>"; };
		80B908BD2AC72ACE00311E8B /* AirForce1XCA.usdz */ = {isa = PBXFileReference; lastKnownFileType = file.usdz; path = AirForce1XCA.usdz; sourceTree = "<group>"; };
/* End PBXFileReference section */

/* Begin PBXFrameworksBuildPhase section */
		80795DC42ABD1F0A00B156CD /* Frameworks */ = {
			isa = PBXFrameworksBuildPhase;
			buildActionMask = 2147483647;
			files = (
				80795DCD2ABD1F0A00B156CD /* RealityKitContent in Frameworks */,
			);
			runOnlyForDeploymentPostprocessing = 0;
		};
/* End PBXFrameworksBuildPhase section */

/* Begin PBXGroup section */
		800BA2AF2ABE7AFF00714332 /* Model */ = {
			isa = PBXGroup;
			children = (
				800BA2B02ABE7B3900714332 /* shops_data.json */,
				800BA2B22ABE7B6F00714332 /* Shop.swift */,
				800BA2B42ABE7B7F00714332 /* Product.swift */,
				800BA2B62ABE7BAA00714332 /* DataRepository.swift */,
			);
			path = Model;
			sourceTree = "<group>";
		};
		800BA2B82ABE7F2200714332 /* Utils */ = {
			isa = PBXGroup;
			children = (
				800BA2B92ABE7F2E00714332 /* LogUtils.swift */,
				8034B96C2AC13FC400D391E9 /* PlacementGestureModifier.swift */,
			);
			path = Utils;
			sourceTree = "<group>";
		};
		800BA2BB2AC0173400714332 /* Views */ = {
			isa = PBXGroup;
			children = (
				8034B96E2AC1404000D391E9 /* ImmersiveSpace */,
				800BA2C42AC0213A00714332 /* ProductDetail */,
				80795DD02ABD1F0A00B156CD /* ContentView.swift */,
				80795DD22ABD1F0A00B156CD /* ImmersiveView.swift */,
				800BA2C32AC0212300714332 /* ProductList */,
				800BA2C22AC0186C00714332 /* Tmp */,
			);
			path = Views;
			sourceTree = "<group>";
		};
		800BA2C22AC0186C00714332 /* Tmp */ = {
			isa = PBXGroup;
			children = (
				800BA2C02AC0184E00714332 /* SampleCardListScreenContents.swift */,
				800BA2BC2AC0175000714332 /* StatsGrid.swift */,
			);
			path = Tmp;
			sourceTree = "<group>";
		};
		800BA2C32AC0212300714332 /* ProductList */ = {
			isa = PBXGroup;
			children = (
				800BA2AD2ABD8E8F00714332 /* SampleCardListScreen.swift */,
				800BA2BE2AC0178400714332 /* FruitCakeCardView.swift */,
			);
			path = ProductList;
			sourceTree = "<group>";
		};
		800BA2C42AC0213A00714332 /* ProductDetail */ = {
			isa = PBXGroup;
			children = (
				800BA2C52AC0216100714332 /* ProductDetailScreen.swift */,
			);
			path = ProductDetail;
			sourceTree = "<group>";
		};
		8034B9692AC135B500D391E9 /* Resources */ = {
			isa = PBXGroup;
			children = (
				80B908BD2AC72ACE00311E8B /* AirForce1XCA.usdz */,
				80B908BA2AC6C1B500311E8B /* AirForce.usdz */,
				80B908B92AC6C1B500311E8B /* FruitCakeSlice.usdz */,
			);
			path = Resources;
			sourceTree = "<group>";
		};
		8034B96E2AC1404000D391E9 /* ImmersiveSpace */ = {
			isa = PBXGroup;
			children = (
				8034B96F2AC1406A00D391E9 /* ProductSpace.swift */,
				8034B9752AC27C5600D391E9 /* SampleProductSpaceView.swift */,
				8034B9772AC5622400D391E9 /* CubeSpaceView.swift */,
				8034B9792AC5632D00D391E9 /* CubeContainerViewModel.swift */,
				8034B97B2AC5688600D391E9 /* Model3DSpaceView.swift */,
			);
			path = ImmersiveSpace;
			sourceTree = "<group>";
		};
		80795DBE2ABD1F0A00B156CD = {
			isa = PBXGroup;
			children = (
				80795DC92ABD1F0A00B156CD /* shopping-vision-pro-app */,
				80795DCA2ABD1F0A00B156CD /* Packages */,
				80795DC82ABD1F0A00B156CD /* Products */,
			);
			sourceTree = "<group>";
		};
		80795DC82ABD1F0A00B156CD /* Products */ = {
			isa = PBXGroup;
			children = (
				80795DC72ABD1F0A00B156CD /* shopping-vision-pro-app.app */,
			);
			name = Products;
			sourceTree = "<group>";
		};
		80795DC92ABD1F0A00B156CD /* shopping-vision-pro-app */ = {
			isa = PBXGroup;
			children = (
				8034B9692AC135B500D391E9 /* Resources */,
				80795DCE2ABD1F0A00B156CD /* shopping_vision_pro_appApp.swift */,
				8034B9712AC1701900D391E9 /* SpaceViewModel.swift */,
				800BA2BB2AC0173400714332 /* Views */,
				800BA2B82ABE7F2200714332 /* Utils */,
				800BA2AF2ABE7AFF00714332 /* Model */,
				80795DD42ABD1F0C00B156CD /* Assets.xcassets */,
				80795DD92ABD1F0C00B156CD /* Info.plist */,
				80795DD62ABD1F0C00B156CD /* Preview Content */,
			);
			path = "shopping-vision-pro-app";
			sourceTree = "<group>";
		};
		80795DCA2ABD1F0A00B156CD /* Packages */ = {
			isa = PBXGroup;
			children = (
				80795DCB2ABD1F0A00B156CD /* RealityKitContent */,
			);
			path = Packages;
			sourceTree = "<group>";
		};
		80795DD62ABD1F0C00B156CD /* Preview Content */ = {
			isa = PBXGroup;
			children = (
				80795DD72ABD1F0C00B156CD /* Preview Assets.xcassets */,
			);
			path = "Preview Content";
			sourceTree = "<group>";
		};
/* End PBXGroup section */

/* Begin PBXNativeTarget section */
		80795DC62ABD1F0A00B156CD /* shopping-vision-pro-app */ = {
			isa = PBXNativeTarget;
			buildConfigurationList = 80795DDC2ABD1F0C00B156CD /* Build configuration list for PBXNativeTarget "shopping-vision-pro-app" */;
			buildPhases = (
				80795DC32ABD1F0A00B156CD /* Sources */,
				80795DC42ABD1F0A00B156CD /* Frameworks */,
				80795DC52ABD1F0A00B156CD /* Resources */,
			);
			buildRules = (
			);
			dependencies = (
			);
			name = "shopping-vision-pro-app";
			packageProductDependencies = (
				80795DCC2ABD1F0A00B156CD /* RealityKitContent */,
			);
			productName = "shopping-vision-pro-app";
			productReference = 80795DC72ABD1F0A00B156CD /* shopping-vision-pro-app.app */;
			productType = "com.apple.product-type.application";
		};
/* End PBXNativeTarget section */

/* Begin PBXProject section */
		80795DBF2ABD1F0A00B156CD /* Project object */ = {
			isa = PBXProject;
			attributes = {
				BuildIndependentTargetsInParallel = 1;
				LastSwiftUpdateCheck = 1500;
				LastUpgradeCheck = 1500;
				TargetAttributes = {
					80795DC62ABD1F0A00B156CD = {
						CreatedOnToolsVersion = 15.0;
					};
				};
			};
			buildConfigurationList = 80795DC22ABD1F0A00B156CD /* Build configuration list for PBXProject "shopping-vision-pro-app" */;
			compatibilityVersion = "Xcode 14.0";
			developmentRegion = en;
			hasScannedForEncodings = 0;
			knownRegions = (
				en,
				Base,
			);
			mainGroup = 80795DBE2ABD1F0A00B156CD;
			productRefGroup = 80795DC82ABD1F0A00B156CD /* Products */;
			projectDirPath = "";
			projectRoot = "";
			targets = (
				80795DC62ABD1F0A00B156CD /* shopping-vision-pro-app */,
			);
		};
/* End PBXProject section */

/* Begin PBXResourcesBuildPhase section */
		80795DC52ABD1F0A00B156CD /* Resources */ = {
			isa = PBXResourcesBuildPhase;
			buildActionMask = 2147483647;
			files = (
				80795DD82ABD1F0C00B156CD /* Preview Assets.xcassets in Resources */,
				80B908BC2AC6C1B500311E8B /* AirForce.usdz in Resources */,
				80B908BB2AC6C1B500311E8B /* FruitCakeSlice.usdz in Resources */,
				800BA2B12ABE7B3900714332 /* shops_data.json in Resources */,
				80795DD52ABD1F0C00B156CD /* Assets.xcassets in Resources */,
				80B908BE2AC72ACE00311E8B /* AirForce1XCA.usdz in Resources */,
			);
			runOnlyForDeploymentPostprocessing = 0;
		};
/* End PBXResourcesBuildPhase section */

/* Begin PBXSourcesBuildPhase section */
		80795DC32ABD1F0A00B156CD /* Sources */ = {
			isa = PBXSourcesBuildPhase;
			buildActionMask = 2147483647;
			files = (
				80795DD12ABD1F0A00B156CD /* ContentView.swift in Sources */,
				8034B9762AC27C5600D391E9 /* SampleProductSpaceView.swift in Sources */,
				800BA2BD2AC0175000714332 /* StatsGrid.swift in Sources */,
				800BA2AE2ABD8E8F00714332 /* SampleCardListScreen.swift in Sources */,
				800BA2BF2AC0178400714332 /* FruitCakeCardView.swift in Sources */,
				800BA2B72ABE7BAA00714332 /* DataRepository.swift in Sources */,
				80795DCF2ABD1F0A00B156CD /* shopping_vision_pro_appApp.swift in Sources */,
				800BA2BA2ABE7F2E00714332 /* LogUtils.swift in Sources */,
				8034B9722AC1701900D391E9 /* SpaceViewModel.swift in Sources */,
				8034B9782AC5622500D391E9 /* CubeSpaceView.swift in Sources */,
				8034B96D2AC13FC400D391E9 /* PlacementGestureModifier.swift in Sources */,
				800BA2B32ABE7B6F00714332 /* Shop.swift in Sources */,
				8034B97C2AC5688600D391E9 /* Model3DSpaceView.swift in Sources */,
				800BA2C62AC0216100714332 /* ProductDetailScreen.swift in Sources */,
				8034B9702AC1406A00D391E9 /* ProductSpace.swift in Sources */,
				800BA2C12AC0184E00714332 /* SampleCardListScreenContents.swift in Sources */,
				8034B97A2AC5632D00D391E9 /* CubeContainerViewModel.swift in Sources */,
				800BA2B52ABE7B7F00714332 /* Product.swift in Sources */,
				80795DD32ABD1F0A00B156CD /* ImmersiveView.swift in Sources */,
			);
			runOnlyForDeploymentPostprocessing = 0;
		};
/* End PBXSourcesBuildPhase section */

/* Begin XCBuildConfiguration section */
		80795DDA2ABD1F0C00B156CD /* Debug */ = {
			isa = XCBuildConfiguration;
			buildSettings = {
				ALWAYS_SEARCH_USER_PATHS = NO;
				ASSETCATALOG_COMPILER_GENERATE_SWIFT_ASSET_SYMBOL_EXTENSIONS = YES;
				CLANG_ANALYZER_NONNULL = YES;
				CLANG_ANALYZER_NUMBER_OBJECT_CONVERSION = YES_AGGRESSIVE;
				CLANG_CXX_LANGUAGE_STANDARD = "gnu++20";
				CLANG_ENABLE_MODULES = YES;
				CLANG_ENABLE_OBJC_ARC = YES;
				CLANG_ENABLE_OBJC_WEAK = YES;
				CLANG_WARN_BLOCK_CAPTURE_AUTORELEASING = YES;
				CLANG_WARN_BOOL_CONVERSION = YES;
				CLANG_WARN_COMMA = YES;
				CLANG_WARN_CONSTANT_CONVERSION = YES;
				CLANG_WARN_DEPRECATED_OBJC_IMPLEMENTATIONS = YES;
				CLANG_WARN_DIRECT_OBJC_ISA_USAGE = YES_ERROR;
				CLANG_WARN_DOCUMENTATION_COMMENTS = YES;
				CLANG_WARN_EMPTY_BODY = YES;
				CLANG_WARN_ENUM_CONVERSION = YES;
				CLANG_WARN_INFINITE_RECURSION = YES;
				CLANG_WARN_INT_CONVERSION = YES;
				CLANG_WARN_NON_LITERAL_NULL_CONVERSION = YES;
				CLANG_WARN_OBJC_IMPLICIT_RETAIN_SELF = YES;
				CLANG_WARN_OBJC_LITERAL_CONVERSION = YES;
				CLANG_WARN_OBJC_ROOT_CLASS = YES_ERROR;
				CLANG_WARN_QUOTED_INCLUDE_IN_FRAMEWORK_HEADER = YES;
				CLANG_WARN_RANGE_LOOP_ANALYSIS = YES;
				CLANG_WARN_STRICT_PROTOTYPES = YES;
				CLANG_WARN_SUSPICIOUS_MOVE = YES;
				CLANG_WARN_UNGUARDED_AVAILABILITY = YES_AGGRESSIVE;
				CLANG_WARN_UNREACHABLE_CODE = YES;
				CLANG_WARN__DUPLICATE_METHOD_MATCH = YES;
				COPY_PHASE_STRIP = NO;
				DEBUG_INFORMATION_FORMAT = dwarf;
				ENABLE_STRICT_OBJC_MSGSEND = YES;
				ENABLE_TESTABILITY = YES;
				ENABLE_USER_SCRIPT_SANDBOXING = YES;
				GCC_C_LANGUAGE_STANDARD = gnu17;
				GCC_DYNAMIC_NO_PIC = NO;
				GCC_NO_COMMON_BLOCKS = YES;
				GCC_OPTIMIZATION_LEVEL = 0;
				GCC_PREPROCESSOR_DEFINITIONS = (
					"DEBUG=1",
					"$(inherited)",
				);
				GCC_WARN_64_TO_32_BIT_CONVERSION = YES;
				GCC_WARN_ABOUT_RETURN_TYPE = YES_ERROR;
				GCC_WARN_UNDECLARED_SELECTOR = YES;
				GCC_WARN_UNINITIALIZED_AUTOS = YES_AGGRESSIVE;
				GCC_WARN_UNUSED_FUNCTION = YES;
				GCC_WARN_UNUSED_VARIABLE = YES;
				LOCALIZATION_PREFERS_STRING_CATALOGS = YES;
				MTL_ENABLE_DEBUG_INFO = INCLUDE_SOURCE;
				MTL_FAST_MATH = YES;
				ONLY_ACTIVE_ARCH = YES;
				SDKROOT = xros;
				SWIFT_ACTIVE_COMPILATION_CONDITIONS = "DEBUG $(inherited)";
				SWIFT_OPTIMIZATION_LEVEL = "-Onone";
				XROS_DEPLOYMENT_TARGET = 1.0;
			};
			name = Debug;
		};
		80795DDB2ABD1F0C00B156CD /* Release */ = {
			isa = XCBuildConfiguration;
			buildSettings = {
				ALWAYS_SEARCH_USER_PATHS = NO;
				ASSETCATALOG_COMPILER_GENERATE_SWIFT_ASSET_SYMBOL_EXTENSIONS = YES;
				CLANG_ANALYZER_NONNULL = YES;
				CLANG_ANALYZER_NUMBER_OBJECT_CONVERSION = YES_AGGRESSIVE;
				CLANG_CXX_LANGUAGE_STANDARD = "gnu++20";
				CLANG_ENABLE_MODULES = YES;
				CLANG_ENABLE_OBJC_ARC = YES;
				CLANG_ENABLE_OBJC_WEAK = YES;
				CLANG_WARN_BLOCK_CAPTURE_AUTORELEASING = YES;
				CLANG_WARN_BOOL_CONVERSION = YES;
				CLANG_WARN_COMMA = YES;
				CLANG_WARN_CONSTANT_CONVERSION = YES;
				CLANG_WARN_DEPRECATED_OBJC_IMPLEMENTATIONS = YES;
				CLANG_WARN_DIRECT_OBJC_ISA_USAGE = YES_ERROR;
				CLANG_WARN_DOCUMENTATION_COMMENTS = YES;
				CLANG_WARN_EMPTY_BODY = YES;
				CLANG_WARN_ENUM_CONVERSION = YES;
				CLANG_WARN_INFINITE_RECURSION = YES;
				CLANG_WARN_INT_CONVERSION = YES;
				CLANG_WARN_NON_LITERAL_NULL_CONVERSION = YES;
				CLANG_WARN_OBJC_IMPLICIT_RETAIN_SELF = YES;
				CLANG_WARN_OBJC_LITERAL_CONVERSION = YES;
				CLANG_WARN_OBJC_ROOT_CLASS = YES_ERROR;
				CLANG_WARN_QUOTED_INCLUDE_IN_FRAMEWORK_HEADER = YES;
				CLANG_WARN_RANGE_LOOP_ANALYSIS = YES;
				CLANG_WARN_STRICT_PROTOTYPES = YES;
				CLANG_WARN_SUSPICIOUS_MOVE = YES;
				CLANG_WARN_UNGUARDED_AVAILABILITY = YES_AGGRESSIVE;
				CLANG_WARN_UNREACHABLE_CODE = YES;
				CLANG_WARN__DUPLICATE_METHOD_MATCH = YES;
				COPY_PHASE_STRIP = NO;
				DEBUG_INFORMATION_FORMAT = "dwarf-with-dsym";
				ENABLE_NS_ASSERTIONS = NO;
				ENABLE_STRICT_OBJC_MSGSEND = YES;
				ENABLE_USER_SCRIPT_SANDBOXING = YES;
				GCC_C_LANGUAGE_STANDARD = gnu17;
				GCC_NO_COMMON_BLOCKS = YES;
				GCC_WARN_64_TO_32_BIT_CONVERSION = YES;
				GCC_WARN_ABOUT_RETURN_TYPE = YES_ERROR;
				GCC_WARN_UNDECLARED_SELECTOR = YES;
				GCC_WARN_UNINITIALIZED_AUTOS = YES_AGGRESSIVE;
				GCC_WARN_UNUSED_FUNCTION = YES;
				GCC_WARN_UNUSED_VARIABLE = YES;
				LOCALIZATION_PREFERS_STRING_CATALOGS = YES;
				MTL_ENABLE_DEBUG_INFO = NO;
				MTL_FAST_MATH = YES;
				SDKROOT = xros;
				SWIFT_COMPILATION_MODE = wholemodule;
				VALIDATE_PRODUCT = YES;
				XROS_DEPLOYMENT_TARGET = 1.0;
			};
			name = Release;
		};
		80795DDD2ABD1F0C00B156CD /* Debug */ = {
			isa = XCBuildConfiguration;
			buildSettings = {
				ASSETCATALOG_COMPILER_APPICON_NAME = AppIcon;
				ASSETCATALOG_COMPILER_GLOBAL_ACCENT_COLOR_NAME = AccentColor;
				CODE_SIGN_STYLE = Automatic;
				CURRENT_PROJECT_VERSION = 1;
				DEVELOPMENT_ASSET_PATHS = "\"shopping-vision-pro-app/Preview Content\"";
				DEVELOPMENT_TEAM = QFTSUT2C4R;
				ENABLE_PREVIEWS = YES;
				GENERATE_INFOPLIST_FILE = YES;
				INFOPLIST_FILE = "$(TARGET_NAME)/Info.plist";
				LD_RUNPATH_SEARCH_PATHS = (
					"$(inherited)",
					"@executable_path/Frameworks",
				);
				MARKETING_VERSION = 1.0;
				PRODUCT_BUNDLE_IDENTIFIER = "kakkki.shopping-vision-pro-app";
				PRODUCT_NAME = "$(TARGET_NAME)";
				SUPPORTED_PLATFORMS = "xros xrsimulator";
				SWIFT_EMIT_LOC_STRINGS = YES;
				SWIFT_VERSION = 5.0;
				TARGETED_DEVICE_FAMILY = "1,2,7";
			};
			name = Debug;
		};
		80795DDE2ABD1F0C00B156CD /* Release */ = {
			isa = XCBuildConfiguration;
			buildSettings = {
				ASSETCATALOG_COMPILER_APPICON_NAME = AppIcon;
				ASSETCATALOG_COMPILER_GLOBAL_ACCENT_COLOR_NAME = AccentColor;
				CODE_SIGN_STYLE = Automatic;
				CURRENT_PROJECT_VERSION = 1;
				DEVELOPMENT_ASSET_PATHS = "\"shopping-vision-pro-app/Preview Content\"";
				DEVELOPMENT_TEAM = QFTSUT2C4R;
				ENABLE_PREVIEWS = YES;
				GENERATE_INFOPLIST_FILE = YES;
				INFOPLIST_FILE = "$(TARGET_NAME)/Info.plist";
				LD_RUNPATH_SEARCH_PATHS = (
					"$(inherited)",
					"@executable_path/Frameworks",
				);
				MARKETING_VERSION = 1.0;
				PRODUCT_BUNDLE_IDENTIFIER = "kakkki.shopping-vision-pro-app";
				PRODUCT_NAME = "$(TARGET_NAME)";
				SUPPORTED_PLATFORMS = "xros xrsimulator";
				SWIFT_EMIT_LOC_STRINGS = YES;
				SWIFT_VERSION = 5.0;
				TARGETED_DEVICE_FAMILY = "1,2,7";
			};
			name = Release;
		};
/* End XCBuildConfiguration section */

/* Begin XCConfigurationList section */
		80795DC22ABD1F0A00B156CD /* Build configuration list for PBXProject "shopping-vision-pro-app" */ = {
			isa = XCConfigurationList;
			buildConfigurations = (
				80795DDA2ABD1F0C00B156CD /* Debug */,
				80795DDB2ABD1F0C00B156CD /* Release */,
			);
			defaultConfigurationIsVisible = 0;
			defaultConfigurationName = Release;
		};
		80795DDC2ABD1F0C00B156CD /* Build configuration list for PBXNativeTarget "shopping-vision-pro-app" */ = {
			isa = XCConfigurationList;
			buildConfigurations = (
				80795DDD2ABD1F0C00B156CD /* Debug */,
				80795DDE2ABD1F0C00B156CD /* Release */,
			);
			defaultConfigurationIsVisible = 0;
			defaultConfigurationName = Release;
		};
/* End XCConfigurationList section */

/* Begin XCSwiftPackageProductDependency section */
		80795DCC2ABD1F0A00B156CD /* RealityKitContent */ = {
			isa = XCSwiftPackageProductDependency;
			productName = RealityKitContent;
		};
/* End XCSwiftPackageProductDependency section */
	};
	rootObject = 80795DBF2ABD1F0A00B156CD /* Project object */;
}
